
Microsoft Visual Studio Solution File, Format Version 12.00
# Visual Studio for Mac
Project("{FAE04EC0-301F-11D3-BF4B-00C04F79EFBC}") = "Assembly-CSharp", "Assembly-CSharp.csproj", "{F079ACDF-196D-8C2A-778C-3F89DDDA5676}"
EndProject
Global
	GlobalSection(SolutionConfigurationPlatforms) = preSolution
		Debug|Any CPU = Debug|Any CPU
		Release|Any CPU = Release|Any CPU
	EndGlobalSection
	GlobalSection(ProjectConfigurationPlatforms) = postSolution
		{F079ACDF-196D-8C2A-778C-3F89DDDA5676}.Debug|Any CPU.ActiveCfg = Debug|Any CPU
		{F079ACDF-196D-8C2A-778C-3F89DDDA5676}.Debug|Any CPU.Build.0 = Debug|Any CPU
		{F079ACDF-196D-8C2A-778C-3F89DDDA5676}.Release|Any CPU.ActiveCfg = Release|Any CPU
		{F079ACDF-196D-8C2A-778C-3F89DDDA5676}.Release|Any CPU.Build.0 = Release|Any CPU
	EndGlobalSection
	GlobalSection(SolutionProperties) = preSolution
		HideSolutionNode = FALSE
	EndGlobalSection
	GlobalSection(MonoDevelopProperties) = preSolution
		StartupItem = Assembly-CSharp.csproj
	EndGlobalSection
EndGlobal
